
Microsoft Visual Studio Solution File, Format Version 12.00
# Visual Studio Version 16
VisualStudioVersion = 16.0.35731.53
MinimumVisualStudioVersion = 10.0.40219.1
Project("{FAE04EC0-301F-11D3-BF4B-00C04F79EFBC}") = "SPReD-SMS", "SPReD-SMS\SPReD-SMS.csproj", "{31750B81-9BA5-4ABC-9C56-11B58D3782F3}"
	ProjectSection(ProjectDependencies) = postProject
		{75944F5C-5318-4000-BAE8-B9F102318454} = {75944F5C-5318-4000-BAE8-B9F102318454}
	EndProjectSection
EndProject
Project("{FAE04EC0-301F-11D3-BF4B-00C04F79EFBC}") = "SPSeD", "..\SPSeD\SPSeD.csproj", "{75944F5C-5318-4000-BAE8-B9F102318454}"
EndProject
Global
	GlobalSection(SolutionConfigurationPlatforms) = preSolution
		Debug|x86 = Debug|x86
		Release|x86 = Release|x86
	EndGlobalSection
	GlobalSection(ProjectConfigurationPlatforms) = postSolution
		{31750B81-9BA5-4ABC-9C56-11B58D3782F3}.Debug|x86.ActiveCfg = Debug|x86
		{31750B81-9BA5-4ABC-9C56-11B58D3782F3}.Debug|x86.Build.0 = Debug|x86
		{31750B81-9BA5-4ABC-9C56-11B58D3782F3}.Release|x86.ActiveCfg = Release|x86
		{31750B81-9BA5-4ABC-9C56-11B58D3782F3}.Release|x86.Build.0 = Release|x86
		{75944F5C-5318-4000-BAE8-B9F102318454}.Debug|x86.ActiveCfg = Debug|x86
		{75944F5C-5318-4000-BAE8-B9F102318454}.Debug|x86.Build.0 = Debug|x86
		{75944F5C-5318-4000-BAE8-B9F102318454}.Release|x86.ActiveCfg = Release|x86
		{75944F5C-5318-4000-BAE8-B9F102318454}.Release|x86.Build.0 = Release|x86
	EndGlobalSection
	GlobalSection(SolutionProperties) = preSolution
		HideSolutionNode = FALSE
	EndGlobalSection
	GlobalSection(ExtensibilityGlobals) = postSolution
		SolutionGuid = {D9F8B970-4C5C-4C35-AB6E-A64D74E766CD}
	EndGlobalSection
EndGlobal
